{
  "name": "hf-code-llama-infiller",
  "version": "1.0.0",
  "lockfileVersion": 3,
  "requires": true,
  "packages": {
    "": {
      "name": "hf-code-llama-infiller",
      "version": "1.0.0",
      "license": "MIT",
      "dependencies": {
        "@huggingface/inference": "^2.6.4",
        "llama-tokenizer-js": "^1.1.3",
        "p-retry": "^6.1.0"
      }
    },
    "node_modules/@huggingface/inference": {
      "version": "2.7.0",
      "resolved": "https://registry.npmjs.org/@huggingface/inference/-/inference-2.7.0.tgz",
      "integrity": "sha512-u7Fn637Q3f7nUB1tajM4CgzhvoFQkOQr5W5Fm+2wT9ETgGoLBh25BLlYPTJRjAd2WY01s71v0lqAwNvHHCc3mg==",
      "dependencies": {
        "@huggingface/tasks": "^0.10.0"
      },
      "engines": {
        "node": ">=18"
      }
    },
    "node_modules/@huggingface/tasks": {
      "version": "0.10.8",
      "resolved": "https://registry.npmjs.org/@huggingface/tasks/-/tasks-0.10.8.tgz",
      "integrity": "sha512-oIp9912FwByyyyxkB/CIiW203QxPeYzBG7dydLmqZdcW0ma0if1uklGumqkJ6y/rJlv7AR/jJ9wbee0Wl5YZTw=="
    },
    "node_modules/@types/retry": {
      "version": "0.12.2",
      "resolved": "https://registry.npmjs.org/@types/retry/-/retry-0.12.2.tgz",
      "integrity": "sha512-XISRgDJ2Tc5q4TRqvgJtzsRkFYNJzZrhTdtMoGVBttwzzQJkPnS3WWTFc7kuDRoPtPakl+T+OfdEUjYJj7Jbow=="
    },
    "node_modules/is-network-error": {
      "version": "1.1.0",
      "resolved": "https://registry.npmjs.org/is-network-error/-/is-network-error-1.1.0.tgz",
      "integrity": "sha512-tUdRRAnhT+OtCZR/LxZelH/C7QtjtFrTu5tXCA8pl55eTUElUHT+GPYV8MBMBvea/j+NxQqVt3LbWMRir7Gx9g==",
      "engines": {
        "node": ">=16"
      },
      "funding": {
        "url": "https://github.com/sponsors/sindresorhus"
      }
    },
    "node_modules/llama-tokenizer-js": {
      "version": "1.2.1",
      "resolved": "https://registry.npmjs.org/llama-tokenizer-js/-/llama-tokenizer-js-1.2.1.tgz",
      "integrity": "sha512-SEVVc++cXR0D0Wv30AzMVWzPCAKM701vZYU31h5lCTIn4k5cfZpJ070YDcb2nPq2Ts3xgu44L19wIrq1z/XjXQ=="
    },
    "node_modules/p-retry": {
      "version": "6.2.0",
      "resolved": "https://registry.npmjs.org/p-retry/-/p-retry-6.2.0.tgz",
      "integrity": "sha512-JA6nkq6hKyWLLasXQXUrO4z8BUZGUt/LjlJxx8Gb2+2ntodU/SS63YZ8b0LUTbQ8ZB9iwOfhEPhg4ykKnn2KsA==",
      "dependencies": {
        "@types/retry": "0.12.2",
        "is-network-error": "^1.0.0",
        "retry": "^0.13.1"
      },
      "engines": {
        "node": ">=16.17"
      },
      "funding": {
        "url": "https://github.com/sponsors/sindresorhus"
      }
    },
    "node_modules/retry": {
      "version": "0.13.1",
      "resolved": "https://registry.npmjs.org/retry/-/retry-0.13.1.tgz",
      "integrity": "sha512-XQBQ3I8W1Cge0Seh+6gjj03LbmRFWuoszgK9ooCpwYIrhhoO80pfq4cUkU5DkknwfOfFteRwlZ56PYOGYyFWdg==",
      "engines": {
        "node": ">= 4"
      }
    }
  }
}
